
Microsoft Visual Studio Solution File, Format Version 12.00
# Visual Studio Version 17
VisualStudioVersion = 17.12.35209.166
MinimumVisualStudioVersion = 10.0.40219.1
Project("{FAE04EC0-301F-11D3-BF4B-00C04F79EFBC}") = "UltimaOnlineMacro", "UltimaOnlineMacro.csproj", "{D3300BB2-52DC-4CFF-B49E-713CF4496BEE}"
EndProject
Project("{FAE04EC0-301F-11D3-BF4B-00C04F79EFBC}") = "AutoClicker", "AutoClicker\AutoClicker.csproj", "{28DA9D7D-4197-4464-9967-AC48B77A0702}"
EndProject
Project("{FAE04EC0-301F-11D3-BF4B-00C04F79EFBC}") = "LogManager", "LogManager\LogManager.csproj", "{D6D49647-1C8E-43D6-A52D-1993D5FCBAF2}"
EndProject
Global
	GlobalSection(SolutionConfigurationPlatforms) = preSolution
		Debug|Any CPU = Debug|Any CPU
		Debug|x64 = Debug|x64
		Release|Any CPU = Release|Any CPU
		Release|x64 = Release|x64
	EndGlobalSection
	GlobalSection(ProjectConfigurationPlatforms) = postSolution
		{D3300BB2-52DC-4CFF-B49E-713CF4496BEE}.Debug|Any CPU.ActiveCfg = Debug|Any CPU
		{D3300BB2-52DC-4CFF-B49E-713CF4496BEE}.Debug|Any CPU.Build.0 = Debug|Any CPU
		{D3300BB2-52DC-4CFF-B49E-713CF4496BEE}.Debug|x64.ActiveCfg = Debug|x64
		{D3300BB2-52DC-4CFF-B49E-713CF4496BEE}.Debug|x64.Build.0 = Debug|x64
		{D3300BB2-52DC-4CFF-B49E-713CF4496BEE}.Release|Any CPU.ActiveCfg = Release|Any CPU
		{D3300BB2-52DC-4CFF-B49E-713CF4496BEE}.Release|Any CPU.Build.0 = Release|Any CPU
		{D3300BB2-52DC-4CFF-B49E-713CF4496BEE}.Release|x64.ActiveCfg = Release|x64
		{D3300BB2-52DC-4CFF-B49E-713CF4496BEE}.Release|x64.Build.0 = Release|x64
		{28DA9D7D-4197-4464-9967-AC48B77A0702}.Debug|Any CPU.ActiveCfg = Debug|Any CPU
		{28DA9D7D-4197-4464-9967-AC48B77A0702}.Debug|Any CPU.Build.0 = Debug|Any CPU
		{28DA9D7D-4197-4464-9967-AC48B77A0702}.Debug|x64.ActiveCfg = Debug|Any CPU
		{28DA9D7D-4197-4464-9967-AC48B77A0702}.Debug|x64.Build.0 = Debug|Any CPU
		{28DA9D7D-4197-4464-9967-AC48B77A0702}.Release|Any CPU.ActiveCfg = Release|Any CPU
		{28DA9D7D-4197-4464-9967-AC48B77A0702}.Release|Any CPU.Build.0 = Release|Any CPU
		{28DA9D7D-4197-4464-9967-AC48B77A0702}.Release|x64.ActiveCfg = Release|Any CPU
		{28DA9D7D-4197-4464-9967-AC48B77A0702}.Release|x64.Build.0 = Release|Any CPU
		{D6D49647-1C8E-43D6-A52D-1993D5FCBAF2}.Debug|Any CPU.ActiveCfg = Debug|Any CPU
		{D6D49647-1C8E-43D6-A52D-1993D5FCBAF2}.Debug|Any CPU.Build.0 = Debug|Any CPU
		{D6D49647-1C8E-43D6-A52D-1993D5FCBAF2}.Debug|x64.ActiveCfg = Debug|Any CPU
		{D6D49647-1C8E-43D6-A52D-1993D5FCBAF2}.Debug|x64.Build.0 = Debug|Any CPU
		{D6D49647-1C8E-43D6-A52D-1993D5FCBAF2}.Release|Any CPU.ActiveCfg = Release|Any CPU
		{D6D49647-1C8E-43D6-A52D-1993D5FCBAF2}.Release|Any CPU.Build.0 = Release|Any CPU
		{D6D49647-1C8E-43D6-A52D-1993D5FCBAF2}.Release|x64.ActiveCfg = Release|Any CPU
		{D6D49647-1C8E-43D6-A52D-1993D5FCBAF2}.Release|x64.Build.0 = Release|Any CPU
	EndGlobalSection
	GlobalSection(SolutionProperties) = preSolution
		HideSolutionNode = FALSE
	EndGlobalSection
	GlobalSection(ExtensibilityGlobals) = postSolution
		SolutionGuid = {0B17882C-80F9-4513-8A1F-1710572447AF}
	EndGlobalSection
EndGlobal
